{
  "name": "jscc2019-week-1",
  "version": "1.0.0",
  "lockfileVersion": 3,
  "requires": true,
  "packages": {
    "": {
      "name": "jscc2019-week-1",
      "version": "1.0.0",
      "license": "MIT",
      "dependencies": {
        "flatted": "^3.3.2"
      }
    },
    "node_modules/flatted": {
      "version": "3.3.2",
      "resolved": "https://registry.npmjs.org/flatted/-/flatted-3.3.2.tgz",
      "integrity": "sha512-AiwGJM8YcNOaobumgtng+6NHuOqC3A7MixFeDafM3X9cIUM+xUXoS5Vfgf+OihAYe20fxqNM9yPBXJzRtZ/4eA==",
      "license": "ISC"
    }
  }
}
